
Microsoft Visual Studio Solution File, Format Version 12.00
# Visual Studio Version 16
VisualStudioVersion = 16.0.31507.150
MinimumVisualStudioVersion = 10.0.40219.1
Project("{FAE04EC0-301F-11D3-BF4B-00C04F79EFBC}") = "MacAddress", "MacAddress.csproj", "{DFE17574-5EAC-4E3A-B8C9-59633F6D4D30}"
EndProject
Global
	GlobalSection(SolutionConfigurationPlatforms) = preSolution
		Debug|Any CPU = Debug|Any CPU
		Release|Any CPU = Release|Any CPU
	EndGlobalSection
	GlobalSection(ProjectConfigurationPlatforms) = postSolution
		{DFE17574-5EAC-4E3A-B8C9-59633F6D4D30}.Debug|Any CPU.ActiveCfg = Debug|Any CPU
		{DFE17574-5EAC-4E3A-B8C9-59633F6D4D30}.Debug|Any CPU.Build.0 = Debug|Any CPU
		{DFE17574-5EAC-4E3A-B8C9-59633F6D4D30}.Release|Any CPU.ActiveCfg = Release|Any CPU
		{DFE17574-5EAC-4E3A-B8C9-59633F6D4D30}.Release|Any CPU.Build.0 = Release|Any CPU
	EndGlobalSection
	GlobalSection(SolutionProperties) = preSolution
		HideSolutionNode = FALSE
	EndGlobalSection
	GlobalSection(ExtensibilityGlobals) = postSolution
		SolutionGuid = {20296B9E-B403-4CC8-8018-48DA3AFE8D5E}
	EndGlobalSection
EndGlobal
